
Microsoft Visual Studio Solution File, Format Version 12.00
# Visual Studio 2013
VisualStudioVersion = 12.0.31101.0
MinimumVisualStudioVersion = 10.0.40219.1
Global
	GlobalSection(TeamFoundationVersionControl) = 
	EndGlobalSection
	GlobalSection(SolutionConfigurationPlatforms) = preSolution
		Authoring|Any CPU = Authoring|Any CPU
		Authoring|x64 = Authoring|x64
		Authoring|x86 = Authoring|x86
		Debug|Any CPU = Debug|Any CPU
		Debug|x64 = Debug|x64
		Debug|x86 = Debug|x86
		ForMSBuild|Any CPU = ForMSBuild|Any CPU
		ForMSBuild|x64 = ForMSBuild|x64
		ForMSBuild|x86 = ForMSBuild|x86
		IA|Any CPU = IA|Any CPU
		IA|x64 = IA|x64
		IA|x86 = IA|x86
		Prod|Any CPU = Prod|Any CPU
		Prod|x64 = Prod|x64
		Prod|x86 = Prod|x86
		Production|Any CPU = Production|Any CPU
		Production|x64 = Production|x64
		Production|x86 = Production|x86
		QA|Any CPU = QA|Any CPU
		QA|x64 = QA|x64
		QA|x86 = QA|x86
		Release|Any CPU = Release|Any CPU
		Release|x64 = Release|x64
		Release|x86 = Release|x86
	EndGlobalSection
	GlobalSection(ProjectConfigurationPlatforms) = postSolution
		{AC14DD4D-41E6-4D7E-AC8C-49B570550C96}.Authoring|Any CPU.ActiveCfg = Release|Any CPU
		{AC14DD4D-41E6-4D7E-AC8C-49B570550C96}.Authoring|Any CPU.Build.0 = Release|Any CPU
		{AC14DD4D-41E6-4D7E-AC8C-49B570550C96}.Authoring|x64.ActiveCfg = Release|Any CPU
		{AC14DD4D-41E6-4D7E-AC8C-49B570550C96}.Authoring|x86.ActiveCfg = Release|Any CPU
		{AC14DD4D-41E6-4D7E-AC8C-49B570550C96}.Debug|Any CPU.ActiveCfg = Debug|Any CPU
		{AC14DD4D-41E6-4D7E-AC8C-49B570550C96}.Debug|Any CPU.Build.0 = Debug|Any CPU
		{AC14DD4D-41E6-4D7E-AC8C-49B570550C96}.Debug|x64.ActiveCfg = Debug|Any CPU
		{AC14DD4D-41E6-4D7E-AC8C-49B570550C96}.Debug|x86.ActiveCfg = Debug|Any CPU
		{AC14DD4D-41E6-4D7E-AC8C-49B570550C96}.ForMSBuild|Any CPU.ActiveCfg = Release|Any CPU
		{AC14DD4D-41E6-4D7E-AC8C-49B570550C96}.ForMSBuild|Any CPU.Build.0 = Release|Any CPU
		{AC14DD4D-41E6-4D7E-AC8C-49B570550C96}.ForMSBuild|x64.ActiveCfg = Release|Any CPU
		{AC14DD4D-41E6-4D7E-AC8C-49B570550C96}.ForMSBuild|x86.ActiveCfg = Release|Any CPU
		{AC14DD4D-41E6-4D7E-AC8C-49B570550C96}.IA|Any CPU.ActiveCfg = Release|Any CPU
		{AC14DD4D-41E6-4D7E-AC8C-49B570550C96}.IA|Any CPU.Build.0 = Release|Any CPU
		{AC14DD4D-41E6-4D7E-AC8C-49B570550C96}.IA|x64.ActiveCfg = Release|Any CPU
		{AC14DD4D-41E6-4D7E-AC8C-49B570550C96}.IA|x86.ActiveCfg = Release|Any CPU
		{AC14DD4D-41E6-4D7E-AC8C-49B570550C96}.Prod|Any CPU.ActiveCfg = Release|Any CPU
		{AC14DD4D-41E6-4D7E-AC8C-49B570550C96}.Prod|Any CPU.Build.0 = Release|Any CPU
		{AC14DD4D-41E6-4D7E-AC8C-49B570550C96}.Prod|x64.ActiveCfg = Release|Any CPU
		{AC14DD4D-41E6-4D7E-AC8C-49B570550C96}.Prod|x86.ActiveCfg = Release|Any CPU
		{AC14DD4D-41E6-4D7E-AC8C-49B570550C96}.Production|Any CPU.ActiveCfg = Release|Any CPU
		{AC14DD4D-41E6-4D7E-AC8C-49B570550C96}.Production|Any CPU.Build.0 = Release|Any CPU
		{AC14DD4D-41E6-4D7E-AC8C-49B570550C96}.Production|x64.ActiveCfg = Release|Any CPU
		{AC14DD4D-41E6-4D7E-AC8C-49B570550C96}.Production|x86.ActiveCfg = Release|Any CPU
		{AC14DD4D-41E6-4D7E-AC8C-49B570550C96}.QA|Any CPU.ActiveCfg = Release|Any CPU
		{AC14DD4D-41E6-4D7E-AC8C-49B570550C96}.QA|Any CPU.Build.0 = Release|Any CPU
		{AC14DD4D-41E6-4D7E-AC8C-49B570550C96}.QA|x64.ActiveCfg = Release|Any CPU
		{AC14DD4D-41E6-4D7E-AC8C-49B570550C96}.QA|x86.ActiveCfg = Release|Any CPU
		{AC14DD4D-41E6-4D7E-AC8C-49B570550C96}.Release|Any CPU.ActiveCfg = Release|Any CPU
		{AC14DD4D-41E6-4D7E-AC8C-49B570550C96}.Release|Any CPU.Build.0 = Release|Any CPU
		{AC14DD4D-41E6-4D7E-AC8C-49B570550C96}.Release|x64.ActiveCfg = Release|Any CPU
		{AC14DD4D-41E6-4D7E-AC8C-49B570550C96}.Release|x86.ActiveCfg = Release|Any CPU
		{1884160E-60AE-4993-AF52-F7DF331BB320}.Authoring|Any CPU.ActiveCfg = QA|Any CPU
		{1884160E-60AE-4993-AF52-F7DF331BB320}.Authoring|Any CPU.Build.0 = QA|Any CPU
		{1884160E-60AE-4993-AF52-F7DF331BB320}.Authoring|x64.ActiveCfg = QA|x64
		{1884160E-60AE-4993-AF52-F7DF331BB320}.Authoring|x64.Build.0 = QA|x64
		{1884160E-60AE-4993-AF52-F7DF331BB320}.Authoring|x86.ActiveCfg = QA|x86
		{1884160E-60AE-4993-AF52-F7DF331BB320}.Authoring|x86.Build.0 = QA|x86
		{1884160E-60AE-4993-AF52-F7DF331BB320}.Debug|Any CPU.ActiveCfg = Debug|Any CPU
		{1884160E-60AE-4993-AF52-F7DF331BB320}.Debug|Any CPU.Build.0 = Debug|Any CPU
		{1884160E-60AE-4993-AF52-F7DF331BB320}.Debug|x64.ActiveCfg = Debug|x64
		{1884160E-60AE-4993-AF52-F7DF331BB320}.Debug|x64.Build.0 = Debug|x64
		{1884160E-60AE-4993-AF52-F7DF331BB320}.Debug|x86.ActiveCfg = Debug|x86
		{1884160E-60AE-4993-AF52-F7DF331BB320}.Debug|x86.Build.0 = Debug|x86
		{1884160E-60AE-4993-AF52-F7DF331BB320}.ForMSBuild|Any CPU.ActiveCfg = ForMSBuild|Any CPU
		{1884160E-60AE-4993-AF52-F7DF331BB320}.ForMSBuild|Any CPU.Build.0 = ForMSBuild|Any CPU
		{1884160E-60AE-4993-AF52-F7DF331BB320}.ForMSBuild|x64.ActiveCfg = ForMSBuild|x64
		{1884160E-60AE-4993-AF52-F7DF331BB320}.ForMSBuild|x64.Build.0 = ForMSBuild|x64
		{1884160E-60AE-4993-AF52-F7DF331BB320}.ForMSBuild|x86.ActiveCfg = ForMSBuild|x86
		{1884160E-60AE-4993-AF52-F7DF331BB320}.ForMSBuild|x86.Build.0 = ForMSBuild|x86
		{1884160E-60AE-4993-AF52-F7DF331BB320}.IA|Any CPU.ActiveCfg = IA|Any CPU
		{1884160E-60AE-4993-AF52-F7DF331BB320}.IA|Any CPU.Build.0 = IA|Any CPU
		{1884160E-60AE-4993-AF52-F7DF331BB320}.IA|x64.ActiveCfg = IA|x64
		{1884160E-60AE-4993-AF52-F7DF331BB320}.IA|x64.Build.0 = IA|x64
		{1884160E-60AE-4993-AF52-F7DF331BB320}.IA|x86.ActiveCfg = IA|x86
		{1884160E-60AE-4993-AF52-F7DF331BB320}.IA|x86.Build.0 = IA|x86
		{1884160E-60AE-4993-AF52-F7DF331BB320}.Prod|Any CPU.ActiveCfg = QA|Any CPU
		{1884160E-60AE-4993-AF52-F7DF331BB320}.Prod|Any CPU.Build.0 = QA|Any CPU
		{1884160E-60AE-4993-AF52-F7DF331BB320}.Prod|x64.ActiveCfg = QA|x64
		{1884160E-60AE-4993-AF52-F7DF331BB320}.Prod|x64.Build.0 = QA|x64
		{1884160E-60AE-4993-AF52-F7DF331BB320}.Prod|x86.ActiveCfg = QA|x86
		{1884160E-60AE-4993-AF52-F7DF331BB320}.Prod|x86.Build.0 = QA|x86
		{1884160E-60AE-4993-AF52-F7DF331BB320}.Production|Any CPU.ActiveCfg = QA|Any CPU
		{1884160E-60AE-4993-AF52-F7DF331BB320}.Production|Any CPU.Build.0 = QA|Any CPU
		{1884160E-60AE-4993-AF52-F7DF331BB320}.Production|x64.ActiveCfg = QA|x64
		{1884160E-60AE-4993-AF52-F7DF331BB320}.Production|x64.Build.0 = QA|x64
		{1884160E-60AE-4993-AF52-F7DF331BB320}.Production|x86.ActiveCfg = QA|x86
		{1884160E-60AE-4993-AF52-F7DF331BB320}.Production|x86.Build.0 = QA|x86
		{1884160E-60AE-4993-AF52-F7DF331BB320}.QA|Any CPU.ActiveCfg = QA|Any CPU
		{1884160E-60AE-4993-AF52-F7DF331BB320}.QA|Any CPU.Build.0 = QA|Any CPU
		{1884160E-60AE-4993-AF52-F7DF331BB320}.QA|x64.ActiveCfg = QA|x64
		{1884160E-60AE-4993-AF52-F7DF331BB320}.QA|x64.Build.0 = QA|x64
		{1884160E-60AE-4993-AF52-F7DF331BB320}.QA|x86.ActiveCfg = QA|x86
		{1884160E-60AE-4993-AF52-F7DF331BB320}.QA|x86.Build.0 = QA|x86
		{1884160E-60AE-4993-AF52-F7DF331BB320}.Release|Any CPU.ActiveCfg = Release|Any CPU
		{1884160E-60AE-4993-AF52-F7DF331BB320}.Release|Any CPU.Build.0 = Release|Any CPU
		{1884160E-60AE-4993-AF52-F7DF331BB320}.Release|x64.ActiveCfg = Release|x64
		{1884160E-60AE-4993-AF52-F7DF331BB320}.Release|x64.Build.0 = Release|x64
		{1884160E-60AE-4993-AF52-F7DF331BB320}.Release|x86.ActiveCfg = Release|x86
		{1884160E-60AE-4993-AF52-F7DF331BB320}.Release|x86.Build.0 = Release|x86
		{7DB435FD-56FD-4039-B721-D8665147EF97}.Authoring|Any CPU.ActiveCfg = IA|Any CPU
		{7DB435FD-56FD-4039-B721-D8665147EF97}.Authoring|Any CPU.Build.0 = IA|Any CPU
		{7DB435FD-56FD-4039-B721-D8665147EF97}.Authoring|x64.ActiveCfg = IA|x64
		{7DB435FD-56FD-4039-B721-D8665147EF97}.Authoring|x64.Build.0 = IA|x64
		{7DB435FD-56FD-4039-B721-D8665147EF97}.Authoring|x86.ActiveCfg = IA|x86
		{7DB435FD-56FD-4039-B721-D8665147EF97}.Authoring|x86.Build.0 = IA|x86
		{7DB435FD-56FD-4039-B721-D8665147EF97}.Debug|Any CPU.ActiveCfg = Debug|Any CPU
		{7DB435FD-56FD-4039-B721-D8665147EF97}.Debug|Any CPU.Build.0 = Debug|Any CPU
		{7DB435FD-56FD-4039-B721-D8665147EF97}.Debug|x64.ActiveCfg = Debug|x64
		{7DB435FD-56FD-4039-B721-D8665147EF97}.Debug|x64.Build.0 = Debug|x64
		{7DB435FD-56FD-4039-B721-D8665147EF97}.Debug|x86.ActiveCfg = Debug|x86
		{7DB435FD-56FD-4039-B721-D8665147EF97}.Debug|x86.Build.0 = Debug|x86
		{7DB435FD-56FD-4039-B721-D8665147EF97}.ForMSBuild|Any CPU.ActiveCfg = ForMSBuild|Any CPU
		{7DB435FD-56FD-4039-B721-D8665147EF97}.ForMSBuild|Any CPU.Build.0 = ForMSBuild|Any CPU
		{7DB435FD-56FD-4039-B721-D8665147EF97}.ForMSBuild|x64.ActiveCfg = ForMSBuild|x64
		{7DB435FD-56FD-4039-B721-D8665147EF97}.ForMSBuild|x64.Build.0 = ForMSBuild|x64
		{7DB435FD-56FD-4039-B721-D8665147EF97}.ForMSBuild|x86.ActiveCfg = ForMSBuild|x86
		{7DB435FD-56FD-4039-B721-D8665147EF97}.ForMSBuild|x86.Build.0 = ForMSBuild|x86
		{7DB435FD-56FD-4039-B721-D8665147EF97}.IA|Any CPU.ActiveCfg = IA|Any CPU
		{7DB435FD-56FD-4039-B721-D8665147EF97}.IA|Any CPU.Build.0 = IA|Any CPU
		{7DB435FD-56FD-4039-B721-D8665147EF97}.IA|x64.ActiveCfg = IA|x64
		{7DB435FD-56FD-4039-B721-D8665147EF97}.IA|x64.Build.0 = IA|x64
		{7DB435FD-56FD-4039-B721-D8665147EF97}.IA|x86.ActiveCfg = IA|x86
		{7DB435FD-56FD-4039-B721-D8665147EF97}.IA|x86.Build.0 = IA|x86
		{7DB435FD-56FD-4039-B721-D8665147EF97}.Prod|Any CPU.ActiveCfg = IA|Any CPU
		{7DB435FD-56FD-4039-B721-D8665147EF97}.Prod|Any CPU.Build.0 = IA|Any CPU
		{7DB435FD-56FD-4039-B721-D8665147EF97}.Prod|x64.ActiveCfg = IA|x64
		{7DB435FD-56FD-4039-B721-D8665147EF97}.Prod|x64.Build.0 = IA|x64
		{7DB435FD-56FD-4039-B721-D8665147EF97}.Prod|x86.ActiveCfg = IA|x86
		{7DB435FD-56FD-4039-B721-D8665147EF97}.Prod|x86.Build.0 = IA|x86
		{7DB435FD-56FD-4039-B721-D8665147EF97}.Production|Any CPU.ActiveCfg = IA|Any CPU
		{7DB435FD-56FD-4039-B721-D8665147EF97}.Production|Any CPU.Build.0 = IA|Any CPU
		{7DB435FD-56FD-4039-B721-D8665147EF97}.Production|x64.ActiveCfg = IA|x64
		{7DB435FD-56FD-4039-B721-D8665147EF97}.Production|x64.Build.0 = IA|x64
		{7DB435FD-56FD-4039-B721-D8665147EF97}.Production|x86.ActiveCfg = IA|x86
		{7DB435FD-56FD-4039-B721-D8665147EF97}.Production|x86.Build.0 = IA|x86
		{7DB435FD-56FD-4039-B721-D8665147EF97}.QA|Any CPU.ActiveCfg = QA|Any CPU
		{7DB435FD-56FD-4039-B721-D8665147EF97}.QA|Any CPU.Build.0 = QA|Any CPU
		{7DB435FD-56FD-4039-B721-D8665147EF97}.QA|x64.ActiveCfg = QA|x64
		{7DB435FD-56FD-4039-B721-D8665147EF97}.QA|x64.Build.0 = QA|x64
		{7DB435FD-56FD-4039-B721-D8665147EF97}.QA|x86.ActiveCfg = QA|x86
		{7DB435FD-56FD-4039-B721-D8665147EF97}.QA|x86.Build.0 = QA|x86
		{7DB435FD-56FD-4039-B721-D8665147EF97}.Release|Any CPU.ActiveCfg = Release|Any CPU
		{7DB435FD-56FD-4039-B721-D8665147EF97}.Release|Any CPU.Build.0 = Release|Any CPU
		{7DB435FD-56FD-4039-B721-D8665147EF97}.Release|x64.ActiveCfg = Release|x64
		{7DB435FD-56FD-4039-B721-D8665147EF97}.Release|x64.Build.0 = Release|x64
		{7DB435FD-56FD-4039-B721-D8665147EF97}.Release|x86.ActiveCfg = Release|x86
		{7DB435FD-56FD-4039-B721-D8665147EF97}.Release|x86.Build.0 = Release|x86
		{91EB1D9B-01B9-473E-923D-BBE131501F3E}.Authoring|Any CPU.ActiveCfg = QA|Any CPU
		{91EB1D9B-01B9-473E-923D-BBE131501F3E}.Authoring|Any CPU.Build.0 = QA|Any CPU
		{91EB1D9B-01B9-473E-923D-BBE131501F3E}.Authoring|x64.ActiveCfg = QA|Any CPU
		{91EB1D9B-01B9-473E-923D-BBE131501F3E}.Authoring|x86.ActiveCfg = QA|Any CPU
		{91EB1D9B-01B9-473E-923D-BBE131501F3E}.Debug|Any CPU.ActiveCfg = Debug|Any CPU
		{91EB1D9B-01B9-473E-923D-BBE131501F3E}.Debug|Any CPU.Build.0 = Debug|Any CPU
		{91EB1D9B-01B9-473E-923D-BBE131501F3E}.Debug|x64.ActiveCfg = Debug|Any CPU
		{91EB1D9B-01B9-473E-923D-BBE131501F3E}.Debug|x86.ActiveCfg = Debug|Any CPU
		{91EB1D9B-01B9-473E-923D-BBE131501F3E}.ForMSBuild|Any CPU.ActiveCfg = QA|Any CPU
		{91EB1D9B-01B9-473E-923D-BBE131501F3E}.ForMSBuild|Any CPU.Build.0 = QA|Any CPU
		{91EB1D9B-01B9-473E-923D-BBE131501F3E}.ForMSBuild|x64.ActiveCfg = QA|Any CPU
		{91EB1D9B-01B9-473E-923D-BBE131501F3E}.ForMSBuild|x86.ActiveCfg = QA|Any CPU
		{91EB1D9B-01B9-473E-923D-BBE131501F3E}.IA|Any CPU.ActiveCfg = QA|Any CPU
		{91EB1D9B-01B9-473E-923D-BBE131501F3E}.IA|Any CPU.Build.0 = QA|Any CPU
		{91EB1D9B-01B9-473E-923D-BBE131501F3E}.IA|x64.ActiveCfg = QA|Any CPU
		{91EB1D9B-01B9-473E-923D-BBE131501F3E}.IA|x86.ActiveCfg = QA|Any CPU
		{91EB1D9B-01B9-473E-923D-BBE131501F3E}.Prod|Any CPU.ActiveCfg = QA|Any CPU
		{91EB1D9B-01B9-473E-923D-BBE131501F3E}.Prod|Any CPU.Build.0 = QA|Any CPU
		{91EB1D9B-01B9-473E-923D-BBE131501F3E}.Prod|x64.ActiveCfg = QA|Any CPU
		{91EB1D9B-01B9-473E-923D-BBE131501F3E}.Prod|x86.ActiveCfg = QA|Any CPU
		{91EB1D9B-01B9-473E-923D-BBE131501F3E}.Production|Any CPU.ActiveCfg = QA|Any CPU
		{91EB1D9B-01B9-473E-923D-BBE131501F3E}.Production|Any CPU.Build.0 = QA|Any CPU
		{91EB1D9B-01B9-473E-923D-BBE131501F3E}.Production|x64.ActiveCfg = QA|Any CPU
		{91EB1D9B-01B9-473E-923D-BBE131501F3E}.Production|x86.ActiveCfg = QA|Any CPU
		{91EB1D9B-01B9-473E-923D-BBE131501F3E}.QA|Any CPU.ActiveCfg = QA|Any CPU
		{91EB1D9B-01B9-473E-923D-BBE131501F3E}.QA|Any CPU.Build.0 = QA|Any CPU
		{91EB1D9B-01B9-473E-923D-BBE131501F3E}.QA|x64.ActiveCfg = QA|Any CPU
		{91EB1D9B-01B9-473E-923D-BBE131501F3E}.QA|x86.ActiveCfg = QA|Any CPU
		{91EB1D9B-01B9-473E-923D-BBE131501F3E}.Release|Any CPU.ActiveCfg = Release|Any CPU
		{91EB1D9B-01B9-473E-923D-BBE131501F3E}.Release|Any CPU.Build.0 = Release|Any CPU
		{91EB1D9B-01B9-473E-923D-BBE131501F3E}.Release|x64.ActiveCfg = Release|Any CPU
		{91EB1D9B-01B9-473E-923D-BBE131501F3E}.Release|x86.ActiveCfg = Release|Any CPU
		{E016932E-D6AA-4D9B-B096-C52043E86721}.Authoring|Any CPU.ActiveCfg = QA|Any CPU
		{E016932E-D6AA-4D9B-B096-C52043E86721}.Authoring|Any CPU.Build.0 = QA|Any CPU
		{E016932E-D6AA-4D9B-B096-C52043E86721}.Authoring|x64.ActiveCfg = QA|Any CPU
		{E016932E-D6AA-4D9B-B096-C52043E86721}.Authoring|x86.ActiveCfg = QA|Any CPU
		{E016932E-D6AA-4D9B-B096-C52043E86721}.Debug|Any CPU.ActiveCfg = Debug|Any CPU
		{E016932E-D6AA-4D9B-B096-C52043E86721}.Debug|Any CPU.Build.0 = Debug|Any CPU
		{E016932E-D6AA-4D9B-B096-C52043E86721}.Debug|x64.ActiveCfg = Debug|Any CPU
		{E016932E-D6AA-4D9B-B096-C52043E86721}.Debug|x86.ActiveCfg = Debug|Any CPU
		{E016932E-D6AA-4D9B-B096-C52043E86721}.ForMSBuild|Any CPU.ActiveCfg = QA|Any CPU
		{E016932E-D6AA-4D9B-B096-C52043E86721}.ForMSBuild|Any CPU.Build.0 = QA|Any CPU
		{E016932E-D6AA-4D9B-B096-C52043E86721}.ForMSBuild|x64.ActiveCfg = QA|Any CPU
		{E016932E-D6AA-4D9B-B096-C52043E86721}.ForMSBuild|x86.ActiveCfg = QA|Any CPU
		{E016932E-D6AA-4D9B-B096-C52043E86721}.IA|Any CPU.ActiveCfg = QA|Any CPU
		{E016932E-D6AA-4D9B-B096-C52043E86721}.IA|Any CPU.Build.0 = QA|Any CPU
		{E016932E-D6AA-4D9B-B096-C52043E86721}.IA|x64.ActiveCfg = QA|Any CPU
		{E016932E-D6AA-4D9B-B096-C52043E86721}.IA|x86.ActiveCfg = QA|Any CPU
		{E016932E-D6AA-4D9B-B096-C52043E86721}.Prod|Any CPU.ActiveCfg = QA|Any CPU
		{E016932E-D6AA-4D9B-B096-C52043E86721}.Prod|Any CPU.Build.0 = QA|Any CPU
		{E016932E-D6AA-4D9B-B096-C52043E86721}.Prod|x64.ActiveCfg = QA|Any CPU
		{E016932E-D6AA-4D9B-B096-C52043E86721}.Prod|x86.ActiveCfg = QA|Any CPU
		{E016932E-D6AA-4D9B-B096-C52043E86721}.Production|Any CPU.ActiveCfg = QA|Any CPU
		{E016932E-D6AA-4D9B-B096-C52043E86721}.Production|Any CPU.Build.0 = QA|Any CPU
		{E016932E-D6AA-4D9B-B096-C52043E86721}.Production|x64.ActiveCfg = QA|Any CPU
		{E016932E-D6AA-4D9B-B096-C52043E86721}.Production|x86.ActiveCfg = QA|Any CPU
		{E016932E-D6AA-4D9B-B096-C52043E86721}.QA|Any CPU.ActiveCfg = QA|Any CPU
		{E016932E-D6AA-4D9B-B096-C52043E86721}.QA|Any CPU.Build.0 = QA|Any CPU
		{E016932E-D6AA-4D9B-B096-C52043E86721}.QA|x64.ActiveCfg = QA|Any CPU
		{E016932E-D6AA-4D9B-B096-C52043E86721}.QA|x86.ActiveCfg = QA|Any CPU
		{E016932E-D6AA-4D9B-B096-C52043E86721}.Release|Any CPU.ActiveCfg = Release|Any CPU
		{E016932E-D6AA-4D9B-B096-C52043E86721}.Release|Any CPU.Build.0 = Release|Any CPU
		{E016932E-D6AA-4D9B-B096-C52043E86721}.Release|x64.ActiveCfg = Release|Any CPU
		{E016932E-D6AA-4D9B-B096-C52043E86721}.Release|x86.ActiveCfg = Release|Any CPU
		{D12E29EC-7C3C-467F-851E-3461DD4B0241}.Authoring|Any CPU.ActiveCfg = Authoring|Any CPU
		{D12E29EC-7C3C-467F-851E-3461DD4B0241}.Authoring|Any CPU.Build.0 = Authoring|Any CPU
		{D12E29EC-7C3C-467F-851E-3461DD4B0241}.Authoring|x64.ActiveCfg = Authoring|Any CPU
		{D12E29EC-7C3C-467F-851E-3461DD4B0241}.Authoring|x86.ActiveCfg = Authoring|Any CPU
		{D12E29EC-7C3C-467F-851E-3461DD4B0241}.Debug|Any CPU.ActiveCfg = Debug|Any CPU
		{D12E29EC-7C3C-467F-851E-3461DD4B0241}.Debug|Any CPU.Build.0 = Debug|Any CPU
		{D12E29EC-7C3C-467F-851E-3461DD4B0241}.Debug|x64.ActiveCfg = Debug|Any CPU
		{D12E29EC-7C3C-467F-851E-3461DD4B0241}.Debug|x86.ActiveCfg = Debug|Any CPU
		{D12E29EC-7C3C-467F-851E-3461DD4B0241}.ForMSBuild|Any CPU.ActiveCfg = ForMSBuild|Any CPU
		{D12E29EC-7C3C-467F-851E-3461DD4B0241}.ForMSBuild|Any CPU.Build.0 = ForMSBuild|Any CPU
		{D12E29EC-7C3C-467F-851E-3461DD4B0241}.ForMSBuild|x64.ActiveCfg = ForMSBuild|Any CPU
		{D12E29EC-7C3C-467F-851E-3461DD4B0241}.ForMSBuild|x86.ActiveCfg = ForMSBuild|Any CPU
		{D12E29EC-7C3C-467F-851E-3461DD4B0241}.IA|Any CPU.ActiveCfg = IA|Any CPU
		{D12E29EC-7C3C-467F-851E-3461DD4B0241}.IA|Any CPU.Build.0 = IA|Any CPU
		{D12E29EC-7C3C-467F-851E-3461DD4B0241}.IA|x64.ActiveCfg = IA|Any CPU
		{D12E29EC-7C3C-467F-851E-3461DD4B0241}.IA|x86.ActiveCfg = IA|Any CPU
		{D12E29EC-7C3C-467F-851E-3461DD4B0241}.Prod|Any CPU.ActiveCfg = Prod|Any CPU
		{D12E29EC-7C3C-467F-851E-3461DD4B0241}.Prod|Any CPU.Build.0 = Prod|Any CPU
		{D12E29EC-7C3C-467F-851E-3461DD4B0241}.Prod|x64.ActiveCfg = Prod|Any CPU
		{D12E29EC-7C3C-467F-851E-3461DD4B0241}.Prod|x86.ActiveCfg = Prod|Any CPU
		{D12E29EC-7C3C-467F-851E-3461DD4B0241}.Production|Any CPU.ActiveCfg = Production|Any CPU
		{D12E29EC-7C3C-467F-851E-3461DD4B0241}.Production|Any CPU.Build.0 = Production|Any CPU
		{D12E29EC-7C3C-467F-851E-3461DD4B0241}.Production|x64.ActiveCfg = Production|Any CPU
		{D12E29EC-7C3C-467F-851E-3461DD4B0241}.Production|x86.ActiveCfg = Production|Any CPU
		{D12E29EC-7C3C-467F-851E-3461DD4B0241}.QA|Any CPU.ActiveCfg = QA|Any CPU
		{D12E29EC-7C3C-467F-851E-3461DD4B0241}.QA|Any CPU.Build.0 = QA|Any CPU
		{D12E29EC-7C3C-467F-851E-3461DD4B0241}.QA|x64.ActiveCfg = QA|Any CPU
		{D12E29EC-7C3C-467F-851E-3461DD4B0241}.QA|x86.ActiveCfg = QA|Any CPU
		{D12E29EC-7C3C-467F-851E-3461DD4B0241}.Release|Any CPU.ActiveCfg = Release|Any CPU
		{D12E29EC-7C3C-467F-851E-3461DD4B0241}.Release|Any CPU.Build.0 = Release|Any CPU
		{D12E29EC-7C3C-467F-851E-3461DD4B0241}.Release|x64.ActiveCfg = Release|Any CPU
		{D12E29EC-7C3C-467F-851E-3461DD4B0241}.Release|x86.ActiveCfg = Release|Any CPU
		{FF9BB915-FD6F-4198-9470-C499BFED343E}.Authoring|Any CPU.ActiveCfg = Authoring|Any CPU
		{FF9BB915-FD6F-4198-9470-C499BFED343E}.Authoring|Any CPU.Build.0 = Authoring|Any CPU
		{FF9BB915-FD6F-4198-9470-C499BFED343E}.Authoring|x64.ActiveCfg = Authoring|Any CPU
		{FF9BB915-FD6F-4198-9470-C499BFED343E}.Authoring|x86.ActiveCfg = Authoring|Any CPU
		{FF9BB915-FD6F-4198-9470-C499BFED343E}.Debug|Any CPU.ActiveCfg = Debug|Any CPU
		{FF9BB915-FD6F-4198-9470-C499BFED343E}.Debug|Any CPU.Build.0 = Debug|Any CPU
		{FF9BB915-FD6F-4198-9470-C499BFED343E}.Debug|x64.ActiveCfg = Debug|Any CPU
		{FF9BB915-FD6F-4198-9470-C499BFED343E}.Debug|x86.ActiveCfg = Debug|Any CPU
		{FF9BB915-FD6F-4198-9470-C499BFED343E}.ForMSBuild|Any CPU.ActiveCfg = ForMSBuild|Any CPU
		{FF9BB915-FD6F-4198-9470-C499BFED343E}.ForMSBuild|Any CPU.Build.0 = ForMSBuild|Any CPU
		{FF9BB915-FD6F-4198-9470-C499BFED343E}.ForMSBuild|x64.ActiveCfg = ForMSBuild|Any CPU
		{FF9BB915-FD6F-4198-9470-C499BFED343E}.ForMSBuild|x86.ActiveCfg = ForMSBuild|Any CPU
		{FF9BB915-FD6F-4198-9470-C499BFED343E}.IA|Any CPU.ActiveCfg = IA|Any CPU
		{FF9BB915-FD6F-4198-9470-C499BFED343E}.IA|Any CPU.Build.0 = IA|Any CPU
		{FF9BB915-FD6F-4198-9470-C499BFED343E}.IA|x64.ActiveCfg = IA|Any CPU
		{FF9BB915-FD6F-4198-9470-C499BFED343E}.IA|x86.ActiveCfg = IA|Any CPU
		{FF9BB915-FD6F-4198-9470-C499BFED343E}.Prod|Any CPU.ActiveCfg = Prod|Any CPU
		{FF9BB915-FD6F-4198-9470-C499BFED343E}.Prod|Any CPU.Build.0 = Prod|Any CPU
		{FF9BB915-FD6F-4198-9470-C499BFED343E}.Prod|x64.ActiveCfg = Prod|Any CPU
		{FF9BB915-FD6F-4198-9470-C499BFED343E}.Prod|x86.ActiveCfg = Prod|Any CPU
		{FF9BB915-FD6F-4198-9470-C499BFED343E}.Production|Any CPU.ActiveCfg = Prod|Any CPU
		{FF9BB915-FD6F-4198-9470-C499BFED343E}.Production|Any CPU.Build.0 = Prod|Any CPU
		{FF9BB915-FD6F-4198-9470-C499BFED343E}.Production|x64.ActiveCfg = Prod|Any CPU
		{FF9BB915-FD6F-4198-9470-C499BFED343E}.Production|x86.ActiveCfg = Prod|Any CPU
		{FF9BB915-FD6F-4198-9470-C499BFED343E}.QA|Any CPU.ActiveCfg = QA|Any CPU
		{FF9BB915-FD6F-4198-9470-C499BFED343E}.QA|Any CPU.Build.0 = QA|Any CPU
		{FF9BB915-FD6F-4198-9470-C499BFED343E}.QA|x64.ActiveCfg = QA|Any CPU
		{FF9BB915-FD6F-4198-9470-C499BFED343E}.QA|x86.ActiveCfg = QA|Any CPU
		{FF9BB915-FD6F-4198-9470-C499BFED343E}.Release|Any CPU.ActiveCfg = Release|Any CPU
		{FF9BB915-FD6F-4198-9470-C499BFED343E}.Release|Any CPU.Build.0 = Release|Any CPU
		{FF9BB915-FD6F-4198-9470-C499BFED343E}.Release|x64.ActiveCfg = Release|Any CPU
		{FF9BB915-FD6F-4198-9470-C499BFED343E}.Release|x86.ActiveCfg = Release|Any CPU
		{5B22B256-69C1-4CE5-AD55-00E692FD98D6}.Authoring|Any CPU.ActiveCfg = QA|Any CPU
		{5B22B256-69C1-4CE5-AD55-00E692FD98D6}.Authoring|Any CPU.Build.0 = QA|Any CPU
		{5B22B256-69C1-4CE5-AD55-00E692FD98D6}.Authoring|x64.ActiveCfg = QA|Any CPU
		{5B22B256-69C1-4CE5-AD55-00E692FD98D6}.Authoring|x86.ActiveCfg = QA|Any CPU
		{5B22B256-69C1-4CE5-AD55-00E692FD98D6}.Debug|Any CPU.ActiveCfg = Debug|Any CPU
		{5B22B256-69C1-4CE5-AD55-00E692FD98D6}.Debug|Any CPU.Build.0 = Debug|Any CPU
		{5B22B256-69C1-4CE5-AD55-00E692FD98D6}.Debug|x64.ActiveCfg = Debug|Any CPU
		{5B22B256-69C1-4CE5-AD55-00E692FD98D6}.Debug|x86.ActiveCfg = Debug|Any CPU
		{5B22B256-69C1-4CE5-AD55-00E692FD98D6}.ForMSBuild|Any CPU.ActiveCfg = QA|Any CPU
		{5B22B256-69C1-4CE5-AD55-00E692FD98D6}.ForMSBuild|Any CPU.Build.0 = QA|Any CPU
		{5B22B256-69C1-4CE5-AD55-00E692FD98D6}.ForMSBuild|x64.ActiveCfg = QA|Any CPU
		{5B22B256-69C1-4CE5-AD55-00E692FD98D6}.ForMSBuild|x86.ActiveCfg = QA|Any CPU
		{5B22B256-69C1-4CE5-AD55-00E692FD98D6}.IA|Any CPU.ActiveCfg = QA|Any CPU
		{5B22B256-69C1-4CE5-AD55-00E692FD98D6}.IA|Any CPU.Build.0 = QA|Any CPU
		{5B22B256-69C1-4CE5-AD55-00E692FD98D6}.IA|x64.ActiveCfg = QA|Any CPU
		{5B22B256-69C1-4CE5-AD55-00E692FD98D6}.IA|x86.ActiveCfg = QA|Any CPU
		{5B22B256-69C1-4CE5-AD55-00E692FD98D6}.Prod|Any CPU.ActiveCfg = QA|Any CPU
		{5B22B256-69C1-4CE5-AD55-00E692FD98D6}.Prod|Any CPU.Build.0 = QA|Any CPU
		{5B22B256-69C1-4CE5-AD55-00E692FD98D6}.Prod|x64.ActiveCfg = QA|Any CPU
		{5B22B256-69C1-4CE5-AD55-00E692FD98D6}.Prod|x86.ActiveCfg = QA|Any CPU
		{5B22B256-69C1-4CE5-AD55-00E692FD98D6}.Production|Any CPU.ActiveCfg = QA|Any CPU
		{5B22B256-69C1-4CE5-AD55-00E692FD98D6}.Production|Any CPU.Build.0 = QA|Any CPU
		{5B22B256-69C1-4CE5-AD55-00E692FD98D6}.Production|x64.ActiveCfg = QA|Any CPU
		{5B22B256-69C1-4CE5-AD55-00E692FD98D6}.Production|x86.ActiveCfg = QA|Any CPU
		{5B22B256-69C1-4CE5-AD55-00E692FD98D6}.QA|Any CPU.ActiveCfg = QA|Any CPU
		{5B22B256-69C1-4CE5-AD55-00E692FD98D6}.QA|Any CPU.Build.0 = QA|Any CPU
		{5B22B256-69C1-4CE5-AD55-00E692FD98D6}.QA|x64.ActiveCfg = QA|Any CPU
		{5B22B256-69C1-4CE5-AD55-00E692FD98D6}.QA|x86.ActiveCfg = QA|Any CPU
		{5B22B256-69C1-4CE5-AD55-00E692FD98D6}.Release|Any CPU.ActiveCfg = Release|Any CPU
		{5B22B256-69C1-4CE5-AD55-00E692FD98D6}.Release|Any CPU.Build.0 = Release|Any CPU
		{5B22B256-69C1-4CE5-AD55-00E692FD98D6}.Release|x64.ActiveCfg = Release|Any CPU
		{5B22B256-69C1-4CE5-AD55-00E692FD98D6}.Release|x86.ActiveCfg = Release|Any CPU
		{71CEECA5-8D31-4F98-86EA-94F3B3BA73AA}.Authoring|Any CPU.ActiveCfg = QA|Any CPU
		{71CEECA5-8D31-4F98-86EA-94F3B3BA73AA}.Authoring|Any CPU.Build.0 = QA|Any CPU
		{71CEECA5-8D31-4F98-86EA-94F3B3BA73AA}.Authoring|x64.ActiveCfg = QA|Any CPU
		{71CEECA5-8D31-4F98-86EA-94F3B3BA73AA}.Authoring|x86.ActiveCfg = QA|Any CPU
		{71CEECA5-8D31-4F98-86EA-94F3B3BA73AA}.Debug|Any CPU.ActiveCfg = Debug|Any CPU
		{71CEECA5-8D31-4F98-86EA-94F3B3BA73AA}.Debug|Any CPU.Build.0 = Debug|Any CPU
		{71CEECA5-8D31-4F98-86EA-94F3B3BA73AA}.Debug|x64.ActiveCfg = Debug|Any CPU
		{71CEECA5-8D31-4F98-86EA-94F3B3BA73AA}.Debug|x86.ActiveCfg = Debug|Any CPU
		{71CEECA5-8D31-4F98-86EA-94F3B3BA73AA}.ForMSBuild|Any CPU.ActiveCfg = ForMSBuild|Any CPU
		{71CEECA5-8D31-4F98-86EA-94F3B3BA73AA}.ForMSBuild|Any CPU.Build.0 = ForMSBuild|Any CPU
		{71CEECA5-8D31-4F98-86EA-94F3B3BA73AA}.ForMSBuild|x64.ActiveCfg = ForMSBuild|Any CPU
		{71CEECA5-8D31-4F98-86EA-94F3B3BA73AA}.ForMSBuild|x86.ActiveCfg = ForMSBuild|Any CPU
		{71CEECA5-8D31-4F98-86EA-94F3B3BA73AA}.IA|Any CPU.ActiveCfg = IA|Any CPU
		{71CEECA5-8D31-4F98-86EA-94F3B3BA73AA}.IA|Any CPU.Build.0 = IA|Any CPU
		{71CEECA5-8D31-4F98-86EA-94F3B3BA73AA}.IA|x64.ActiveCfg = IA|Any CPU
		{71CEECA5-8D31-4F98-86EA-94F3B3BA73AA}.IA|x86.ActiveCfg = IA|Any CPU
		{71CEECA5-8D31-4F98-86EA-94F3B3BA73AA}.Prod|Any CPU.ActiveCfg = QA|Any CPU
		{71CEECA5-8D31-4F98-86EA-94F3B3BA73AA}.Prod|Any CPU.Build.0 = QA|Any CPU
		{71CEECA5-8D31-4F98-86EA-94F3B3BA73AA}.Prod|x64.ActiveCfg = QA|Any CPU
		{71CEECA5-8D31-4F98-86EA-94F3B3BA73AA}.Prod|x86.ActiveCfg = QA|Any CPU
		{71CEECA5-8D31-4F98-86EA-94F3B3BA73AA}.Production|Any CPU.ActiveCfg = QA|Any CPU
		{71CEECA5-8D31-4F98-86EA-94F3B3BA73AA}.Production|Any CPU.Build.0 = QA|Any CPU
		{71CEECA5-8D31-4F98-86EA-94F3B3BA73AA}.Production|x64.ActiveCfg = QA|Any CPU
		{71CEECA5-8D31-4F98-86EA-94F3B3BA73AA}.Production|x86.ActiveCfg = QA|Any CPU
		{71CEECA5-8D31-4F98-86EA-94F3B3BA73AA}.QA|Any CPU.ActiveCfg = QA|Any CPU
		{71CEECA5-8D31-4F98-86EA-94F3B3BA73AA}.QA|Any CPU.Build.0 = QA|Any CPU
		{71CEECA5-8D31-4F98-86EA-94F3B3BA73AA}.QA|x64.ActiveCfg = QA|Any CPU
		{71CEECA5-8D31-4F98-86EA-94F3B3BA73AA}.QA|x86.ActiveCfg = QA|Any CPU
		{71CEECA5-8D31-4F98-86EA-94F3B3BA73AA}.Release|Any CPU.ActiveCfg = Release|Any CPU
		{71CEECA5-8D31-4F98-86EA-94F3B3BA73AA}.Release|Any CPU.Build.0 = Release|Any CPU
		{71CEECA5-8D31-4F98-86EA-94F3B3BA73AA}.Release|x64.ActiveCfg = Release|Any CPU
		{71CEECA5-8D31-4F98-86EA-94F3B3BA73AA}.Release|x86.ActiveCfg = Release|Any CPU
	EndGlobalSection
	GlobalSection(SolutionProperties) = preSolution
		HideSolutionNode = FALSE
	EndGlobalSection
EndGlobal
